PODS:
  - AMScrollingNavbar (2.1.1)

DEPENDENCIES:
  - AMScrollingNavbar (from `../`)

EXTERNAL SOURCES:
  AMScrollingNavbar:
    :path: "../"

SPEC CHECKSUMS:
  AMScrollingNavbar: 22848c8c7e4893e239cf32c0b914f672cd334209

PODFILE CHECKSUM: 0f0a96dab8d2652fa45ba1e24893191416c0d5a7

COCOAPODS: 1.0.1
