PODS:
  - AMScrollingNavbar (5.2.0)

DEPENDENCIES:
  - AMScrollingNavbar (from `../`)

EXTERNAL SOURCES:
  AMScrollingNavbar:
    :path: "../"

SPEC CHECKSUMS:
  AMScrollingNavbar: c8871d436e412d17c4ad6caa3e069bc688568c5d

PODFILE CHECKSUM: 0f0a96dab8d2652fa45ba1e24893191416c0d5a7

COCOAPODS: 1.5.3
